
Microsoft Visual Studio Solution File, Format Version 12.00
# Visual Studio 15
VisualStudioVersion = 15.0.27703.2026
MinimumVisualStudioVersion = 10.0.40219.1
Project("{9A19103F-16F7-4668-BE54-9A1E7A4F7556}") = "DataAccessor", "Source\DataAccessor\DataAccessor.csproj", "{B59C7548-9C7C-4CCB-B4B5-1178CBC081BA}"
EndProject
Project("{9A19103F-16F7-4668-BE54-9A1E7A4F7556}") = "DataContract", "Source\DataContract\DataContract.csproj", "{56C0EC76-2249-480F-A1CB-18EA4397167C}"
EndProject
Project("{2150E333-8FDC-42A3-9474-1A3956D46DE8}") = "Tests", "Tests", "{3FCF0A50-6E63-4462-B4D6-77CE1BF9D268}"
EndProject
Project("{9A19103F-16F7-4668-BE54-9A1E7A4F7556}") = "Common", "Source\Common\Common.csproj", "{FE2CC9AB-0F82-4AA4-8627-7F86599A7EB1}"
EndProject
Project("{2150E333-8FDC-42A3-9474-1A3956D46DE8}") = "Core", "Core", "{36089785-1A3D-4FBF-B854-F991A172CD86}"
EndProject
Project("{9A19103F-16F7-4668-BE54-9A1E7A4F7556}") = "API", "Source\API\API.csproj", "{4EB4A06D-8807-4E76-99F5-6441E6CA77A2}"
EndProject
Project("{2150E333-8FDC-42A3-9474-1A3956D46DE8}") = "Service", "Service", "{485DEBD9-F51E-495B-AFA0-6280C44B7C43}"
EndProject
Project("{9A19103F-16F7-4668-BE54-9A1E7A4F7556}") = "Service.Interface", "Source\Service\Service.Interface\Service.Interface.csproj", "{CE5946CC-68D8-4A65-A336-C7204ADD9798}"
EndProject
Project("{9A19103F-16F7-4668-BE54-9A1E7A4F7556}") = "Service.Implementation", "Source\Service\Service.Implementation\Service.Implementation.csproj", "{208C46B6-6FFC-485D-B262-B2E5F6AC7256}"
EndProject
Project("{2150E333-8FDC-42A3-9474-1A3956D46DE8}") = "Repository", "Repository", "{28C22A8D-7630-4C5B-9FA1-D516CCDA0A0F}"
EndProject
Project("{9A19103F-16F7-4668-BE54-9A1E7A4F7556}") = "Repository.Interface", "Source\Repository\Repository.Interface\Repository.Interface.csproj", "{A3905167-40EE-4B4C-BF26-A93FC754EC8D}"
EndProject
Project("{9A19103F-16F7-4668-BE54-9A1E7A4F7556}") = "Repository.Cosmos", "Source\Repository\Repository.Cosmos\Repository.Cosmos.csproj", "{D52E5D15-1C21-4944-8241-E17BFBD4EC7E}"
EndProject
Project("{2150E333-8FDC-42A3-9474-1A3956D46DE8}") = "Solution Items", "Solution Items", "{AAB372B9-7DBC-4AEC-A57B-0FB41DF343EA}"
	ProjectSection(SolutionItems) = preProject
		NuGet.Config = NuGet.Config
	EndProjectSection
EndProject
Project("{9A19103F-16F7-4668-BE54-9A1E7A4F7556}") = "UnitTests", "Tests\UnitTests\UnitTests.csproj", "{55A4FB17-67BB-4D93-BF2E-0C3049F0A662}"
EndProject
Project("{9A19103F-16F7-4668-BE54-9A1E7A4F7556}") = "IntegrationTests", "Tests\IntegrationTests\IntegrationTests.csproj", "{50163DC3-D530-4DCE-96DD-AC7C9A171D1A}"
EndProject
Project("{9A19103F-16F7-4668-BE54-9A1E7A4F7556}") = "SmokeTests", "Tests\SmokeTests\SmokeTests.csproj", "{5D12A668-AE2C-4B59-A545-7685906752ED}"
EndProject
Project("{9A19103F-16F7-4668-BE54-9A1E7A4F7556}") = "Repository.Local", "Source\Repository\Repository.Local\Repository.Local.csproj", "{FDAFFA96-053F-49CC-A63B-1F5DA2A9AB01}"
EndProject
Global
	GlobalSection(SolutionConfigurationPlatforms) = preSolution
		Debug|Any CPU = Debug|Any CPU
		Release|Any CPU = Release|Any CPU
	EndGlobalSection
	GlobalSection(ProjectConfigurationPlatforms) = postSolution
		{B59C7548-9C7C-4CCB-B4B5-1178CBC081BA}.Debug|Any CPU.ActiveCfg = Debug|Any CPU
		{B59C7548-9C7C-4CCB-B4B5-1178CBC081BA}.Debug|Any CPU.Build.0 = Debug|Any CPU
		{B59C7548-9C7C-4CCB-B4B5-1178CBC081BA}.Release|Any CPU.ActiveCfg = Release|Any CPU
		{B59C7548-9C7C-4CCB-B4B5-1178CBC081BA}.Release|Any CPU.Build.0 = Release|Any CPU
		{56C0EC76-2249-480F-A1CB-18EA4397167C}.Debug|Any CPU.ActiveCfg = Debug|Any CPU
		{56C0EC76-2249-480F-A1CB-18EA4397167C}.Debug|Any CPU.Build.0 = Debug|Any CPU
		{56C0EC76-2249-480F-A1CB-18EA4397167C}.Release|Any CPU.ActiveCfg = Release|Any CPU
		{56C0EC76-2249-480F-A1CB-18EA4397167C}.Release|Any CPU.Build.0 = Release|Any CPU
		{FE2CC9AB-0F82-4AA4-8627-7F86599A7EB1}.Debug|Any CPU.ActiveCfg = Debug|Any CPU
		{FE2CC9AB-0F82-4AA4-8627-7F86599A7EB1}.Debug|Any CPU.Build.0 = Debug|Any CPU
		{FE2CC9AB-0F82-4AA4-8627-7F86599A7EB1}.Release|Any CPU.ActiveCfg = Release|Any CPU
		{FE2CC9AB-0F82-4AA4-8627-7F86599A7EB1}.Release|Any CPU.Build.0 = Release|Any CPU
		{4EB4A06D-8807-4E76-99F5-6441E6CA77A2}.Debug|Any CPU.ActiveCfg = Debug|Any CPU
		{4EB4A06D-8807-4E76-99F5-6441E6CA77A2}.Debug|Any CPU.Build.0 = Debug|Any CPU
		{4EB4A06D-8807-4E76-99F5-6441E6CA77A2}.Release|Any CPU.ActiveCfg = Release|Any CPU
		{4EB4A06D-8807-4E76-99F5-6441E6CA77A2}.Release|Any CPU.Build.0 = Release|Any CPU
		{CE5946CC-68D8-4A65-A336-C7204ADD9798}.Debug|Any CPU.ActiveCfg = Debug|Any CPU
		{CE5946CC-68D8-4A65-A336-C7204ADD9798}.Debug|Any CPU.Build.0 = Debug|Any CPU
		{CE5946CC-68D8-4A65-A336-C7204ADD9798}.Release|Any CPU.ActiveCfg = Release|Any CPU
		{CE5946CC-68D8-4A65-A336-C7204ADD9798}.Release|Any CPU.Build.0 = Release|Any CPU
		{208C46B6-6FFC-485D-B262-B2E5F6AC7256}.Debug|Any CPU.ActiveCfg = Debug|Any CPU
		{208C46B6-6FFC-485D-B262-B2E5F6AC7256}.Debug|Any CPU.Build.0 = Debug|Any CPU
		{208C46B6-6FFC-485D-B262-B2E5F6AC7256}.Release|Any CPU.ActiveCfg = Release|Any CPU
		{208C46B6-6FFC-485D-B262-B2E5F6AC7256}.Release|Any CPU.Build.0 = Release|Any CPU
		{A3905167-40EE-4B4C-BF26-A93FC754EC8D}.Debug|Any CPU.ActiveCfg = Debug|Any CPU
		{A3905167-40EE-4B4C-BF26-A93FC754EC8D}.Debug|Any CPU.Build.0 = Debug|Any CPU
		{A3905167-40EE-4B4C-BF26-A93FC754EC8D}.Release|Any CPU.ActiveCfg = Release|Any CPU
		{A3905167-40EE-4B4C-BF26-A93FC754EC8D}.Release|Any CPU.Build.0 = Release|Any CPU
		{D52E5D15-1C21-4944-8241-E17BFBD4EC7E}.Debug|Any CPU.ActiveCfg = Debug|Any CPU
		{D52E5D15-1C21-4944-8241-E17BFBD4EC7E}.Debug|Any CPU.Build.0 = Debug|Any CPU
		{D52E5D15-1C21-4944-8241-E17BFBD4EC7E}.Release|Any CPU.ActiveCfg = Release|Any CPU
		{D52E5D15-1C21-4944-8241-E17BFBD4EC7E}.Release|Any CPU.Build.0 = Release|Any CPU
		{55A4FB17-67BB-4D93-BF2E-0C3049F0A662}.Debug|Any CPU.ActiveCfg = Debug|Any CPU
		{55A4FB17-67BB-4D93-BF2E-0C3049F0A662}.Debug|Any CPU.Build.0 = Debug|Any CPU
		{55A4FB17-67BB-4D93-BF2E-0C3049F0A662}.Release|Any CPU.ActiveCfg = Release|Any CPU
		{55A4FB17-67BB-4D93-BF2E-0C3049F0A662}.Release|Any CPU.Build.0 = Release|Any CPU
		{50163DC3-D530-4DCE-96DD-AC7C9A171D1A}.Debug|Any CPU.ActiveCfg = Debug|Any CPU
		{50163DC3-D530-4DCE-96DD-AC7C9A171D1A}.Debug|Any CPU.Build.0 = Debug|Any CPU
		{50163DC3-D530-4DCE-96DD-AC7C9A171D1A}.Release|Any CPU.ActiveCfg = Release|Any CPU
		{50163DC3-D530-4DCE-96DD-AC7C9A171D1A}.Release|Any CPU.Build.0 = Release|Any CPU
		{5D12A668-AE2C-4B59-A545-7685906752ED}.Debug|Any CPU.ActiveCfg = Debug|Any CPU
		{5D12A668-AE2C-4B59-A545-7685906752ED}.Debug|Any CPU.Build.0 = Debug|Any CPU
		{5D12A668-AE2C-4B59-A545-7685906752ED}.Release|Any CPU.ActiveCfg = Release|Any CPU
		{5D12A668-AE2C-4B59-A545-7685906752ED}.Release|Any CPU.Build.0 = Release|Any CPU
		{FDAFFA96-053F-49CC-A63B-1F5DA2A9AB01}.Debug|Any CPU.ActiveCfg = Debug|Any CPU
		{FDAFFA96-053F-49CC-A63B-1F5DA2A9AB01}.Debug|Any CPU.Build.0 = Debug|Any CPU
		{FDAFFA96-053F-49CC-A63B-1F5DA2A9AB01}.Release|Any CPU.ActiveCfg = Release|Any CPU
		{FDAFFA96-053F-49CC-A63B-1F5DA2A9AB01}.Release|Any CPU.Build.0 = Release|Any CPU
	EndGlobalSection
	GlobalSection(SolutionProperties) = preSolution
		HideSolutionNode = FALSE
	EndGlobalSection
	GlobalSection(NestedProjects) = preSolution
		{B59C7548-9C7C-4CCB-B4B5-1178CBC081BA} = {36089785-1A3D-4FBF-B854-F991A172CD86}
		{56C0EC76-2249-480F-A1CB-18EA4397167C} = {36089785-1A3D-4FBF-B854-F991A172CD86}
		{FE2CC9AB-0F82-4AA4-8627-7F86599A7EB1} = {36089785-1A3D-4FBF-B854-F991A172CD86}
		{CE5946CC-68D8-4A65-A336-C7204ADD9798} = {485DEBD9-F51E-495B-AFA0-6280C44B7C43}
		{208C46B6-6FFC-485D-B262-B2E5F6AC7256} = {485DEBD9-F51E-495B-AFA0-6280C44B7C43}
		{A3905167-40EE-4B4C-BF26-A93FC754EC8D} = {28C22A8D-7630-4C5B-9FA1-D516CCDA0A0F}
		{D52E5D15-1C21-4944-8241-E17BFBD4EC7E} = {28C22A8D-7630-4C5B-9FA1-D516CCDA0A0F}
		{55A4FB17-67BB-4D93-BF2E-0C3049F0A662} = {3FCF0A50-6E63-4462-B4D6-77CE1BF9D268}
		{50163DC3-D530-4DCE-96DD-AC7C9A171D1A} = {3FCF0A50-6E63-4462-B4D6-77CE1BF9D268}
		{5D12A668-AE2C-4B59-A545-7685906752ED} = {3FCF0A50-6E63-4462-B4D6-77CE1BF9D268}
		{FDAFFA96-053F-49CC-A63B-1F5DA2A9AB01} = {28C22A8D-7630-4C5B-9FA1-D516CCDA0A0F}
	EndGlobalSection
	GlobalSection(ExtensibilityGlobals) = postSolution
		SolutionGuid = {E85DB744-745F-45AD-B165-8F61323E5076}
	EndGlobalSection
EndGlobal
